
Microsoft Visual Studio Solution File, Format Version 12.00
# Visual Studio Version 17
VisualStudioVersion = 17.4.33213.308
MinimumVisualStudioVersion = 10.0.40219.1
Project("{FAE04EC0-301F-11D3-BF4B-00C04F79EFBC}") = "ContactApp", "ContactApp\ContactApp.csproj", "{D2953F36-6AF6-4220-81BD-525212516D12}"
EndProject
Global
	GlobalSection(SolutionConfigurationPlatforms) = preSolution
		Debug|Any CPU = Debug|Any CPU
		Release|Any CPU = Release|Any CPU
	EndGlobalSection
	GlobalSection(ProjectConfigurationPlatforms) = postSolution
		{D2953F36-6AF6-4220-81BD-525212516D12}.Debug|Any CPU.ActiveCfg = Debug|Any CPU
		{D2953F36-6AF6-4220-81BD-525212516D12}.Debug|Any CPU.Build.0 = Debug|Any CPU
		{D2953F36-6AF6-4220-81BD-525212516D12}.Release|Any CPU.ActiveCfg = Release|Any CPU
		{D2953F36-6AF6-4220-81BD-525212516D12}.Release|Any CPU.Build.0 = Release|Any CPU
	EndGlobalSection
	GlobalSection(SolutionProperties) = preSolution
		HideSolutionNode = FALSE
	EndGlobalSection
	GlobalSection(ExtensibilityGlobals) = postSolution
		SolutionGuid = {8A4205EA-F0DE-4714-8F86-08E1285667CB}
	EndGlobalSection
EndGlobal
